
Microsoft Visual Studio Solution File, Format Version 12.00
# Visual Studio Version 16
VisualStudioVersion = 16.0.30309.148
MinimumVisualStudioVersion = 10.0.40219.1
Project("{FAE04EC0-301F-11D3-BF4B-00C04F79EFBC}") = "ILPUnpack", "ILPUnpack\ILPUnpack.csproj", "{BBA9BD53-A0DA-4200-9447-D43B2D090942}"
EndProject
Global
	GlobalSection(SolutionConfigurationPlatforms) = preSolution
		Debug|Any CPU = Debug|Any CPU
		Release|Any CPU = Release|Any CPU
	EndGlobalSection
	GlobalSection(ProjectConfigurationPlatforms) = postSolution
		{BBA9BD53-A0DA-4200-9447-D43B2D090942}.Debug|Any CPU.ActiveCfg = Debug|Any CPU
		{BBA9BD53-A0DA-4200-9447-D43B2D090942}.Debug|Any CPU.Build.0 = Debug|Any CPU
		{BBA9BD53-A0DA-4200-9447-D43B2D090942}.Release|Any CPU.ActiveCfg = Release|Any CPU
		{BBA9BD53-A0DA-4200-9447-D43B2D090942}.Release|Any CPU.Build.0 = Release|Any CPU
	EndGlobalSection
	GlobalSection(SolutionProperties) = preSolution
		HideSolutionNode = FALSE
	EndGlobalSection
	GlobalSection(ExtensibilityGlobals) = postSolution
		SolutionGuid = {98E8E169-D032-42C6-A188-3E4E209636EE}
	EndGlobalSection
EndGlobal
